
Microsoft Visual Studio Solution File, Format Version 12.00
# Visual Studio Version 16
VisualStudioVersion = 16.0.32228.343
MinimumVisualStudioVersion = 10.0.40219.1
Project("{9A19103F-16F7-4668-BE54-9A1E7A4F7556}") = "GetNumbersFromServer", "GetNumbersFromServer\GetNumbersFromServer.csproj", "{4EABD86C-7DEB-4316-BBE3-EFF80438E23E}"
EndProject
Global
	GlobalSection(SolutionConfigurationPlatforms) = preSolution
		Debug|Any CPU = Debug|Any CPU
		Release|Any CPU = Release|Any CPU
	EndGlobalSection
	GlobalSection(ProjectConfigurationPlatforms) = postSolution
		{4EABD86C-7DEB-4316-BBE3-EFF80438E23E}.Debug|Any CPU.ActiveCfg = Debug|Any CPU
		{4EABD86C-7DEB-4316-BBE3-EFF80438E23E}.Debug|Any CPU.Build.0 = Debug|Any CPU
		{4EABD86C-7DEB-4316-BBE3-EFF80438E23E}.Release|Any CPU.ActiveCfg = Release|Any CPU
		{4EABD86C-7DEB-4316-BBE3-EFF80438E23E}.Release|Any CPU.Build.0 = Release|Any CPU
	EndGlobalSection
	GlobalSection(SolutionProperties) = preSolution
		HideSolutionNode = FALSE
	EndGlobalSection
	GlobalSection(ExtensibilityGlobals) = postSolution
		SolutionGuid = {3E66D545-63B1-4E98-A900-AB257D64EF90}
	EndGlobalSection
EndGlobal
